
Microsoft Visual Studio Solution File, Format Version 12.00
# Visual Studio Version 17
VisualStudioVersion = 17.6.33815.320
MinimumVisualStudioVersion = 10.0.40219.1
Project("{FAE04EC0-301F-11D3-BF4B-00C04F79EFBC}") = "Advent2023_15", "Advent2023_15.csproj", "{5EFF8DEE-6277-41DF-B34C-5DB6E94E8583}"
EndProject
Global
	GlobalSection(SolutionConfigurationPlatforms) = preSolution
		Debug|Any CPU = Debug|Any CPU
		Release|Any CPU = Release|Any CPU
	EndGlobalSection
	GlobalSection(ProjectConfigurationPlatforms) = postSolution
		{5EFF8DEE-6277-41DF-B34C-5DB6E94E8583}.Debug|Any CPU.ActiveCfg = Debug|Any CPU
		{5EFF8DEE-6277-41DF-B34C-5DB6E94E8583}.Debug|Any CPU.Build.0 = Debug|Any CPU
		{5EFF8DEE-6277-41DF-B34C-5DB6E94E8583}.Release|Any CPU.ActiveCfg = Release|Any CPU
		{5EFF8DEE-6277-41DF-B34C-5DB6E94E8583}.Release|Any CPU.Build.0 = Release|Any CPU
	EndGlobalSection
	GlobalSection(SolutionProperties) = preSolution
		HideSolutionNode = FALSE
	EndGlobalSection
	GlobalSection(ExtensibilityGlobals) = postSolution
		SolutionGuid = {B35AE774-4197-4FBC-9321-48D67ED31BBD}
	EndGlobalSection
EndGlobal
